
Microsoft Visual Studio Solution File, Format Version 12.00
# Visual Studio 15
VisualStudioVersion = 15.0.27004.2009
MinimumVisualStudioVersion = 10.0.40219.1
Project("{FAE04EC0-301F-11D3-BF4B-00C04F79EFBC}") = "Msr.Models", "Msr.Models\Msr.Models.csproj", "{2D976E8C-924C-4E73-A8FC-A8395B457C0E}"
EndProject
Project("{FAE04EC0-301F-11D3-BF4B-00C04F79EFBC}") = "Msr.Services", "Msr.Services\Msr.Services.csproj", "{905E5F0D-1620-483C-87C5-4DEDAAA1DC9A}"
EndProject
Project("{FAE04EC0-301F-11D3-BF4B-00C04F79EFBC}") = "Msr.Repositories", "Msr.Repositories\Msr.Repositories.csproj", "{E8A1A202-F0D8-495D-98E7-1F05F6057841}"
EndProject
Project("{FAE04EC0-301F-11D3-BF4B-00C04F79EFBC}") = "Msr.Infrastructure", "Msr.Infrastructure\Msr.Infrastructure.csproj", "{9DD1FA43-9B92-4694-98A5-D75B672CFD67}"
EndProject
Project("{FAE04EC0-301F-11D3-BF4B-00C04F79EFBC}") = "Msr.Infrastructure.Tests", "Msr.Infrastructure.Tests\Msr.Infrastructure.Tests.csproj", "{31BCB498-C9DC-44DE-A044-AFB2FB535DE4}"
EndProject
Project("{FAE04EC0-301F-11D3-BF4B-00C04F79EFBC}") = "Msr.Resources", "Msr.Resources\Msr.Resources.csproj", "{3F8721E6-7768-4BE7-864B-AA6C68F0D9E1}"
EndProject
Project("{2150E333-8FDC-42A3-9474-1A3956D46DE8}") = ".nuget", ".nuget", "{AEEA8D16-368B-4330-819F-92554D9AFB04}"
	ProjectSection(SolutionItems) = preProject
		.nuget\NuGet.Config = .nuget\NuGet.Config
		.nuget\NuGet.exe = .nuget\NuGet.exe
		.nuget\NuGet.targets = .nuget\NuGet.targets
	EndProjectSection
EndProject
Project("{FAE04EC0-301F-11D3-BF4B-00C04F79EFBC}") = "Answer.Web", "Answer.Web\Answer.Web.csproj", "{2D71AB90-1869-4B55-A0DA-7B445804F6BA}"
EndProject
Project("{FAE04EC0-301F-11D3-BF4B-00C04F79EFBC}") = "Msr.Commons", "Msr.Commons\Msr.Commons.csproj", "{9E9CAA52-0E5E-4E73-AA21-BD2F89D4DF8C}"
EndProject
Project("{00D1A9C2-B5F0-4AF3-8072-F6C62B433612}") = "Msr.Database", "Msr.Database\Msr.Database.sqlproj", "{E6E98F90-9138-4912-9631-6C853E2BA1A3}"
EndProject
Project("{00D1A9C2-B5F0-4AF3-8072-F6C62B433612}") = "EquipmentMonitoring", "EquipmentMonitoring\EquipmentMonitoring.sqlproj", "{B736C70A-5EA9-41C1-82D4-21D5BC88C4EF}"
EndProject
Global
	GlobalSection(SolutionConfigurationPlatforms) = preSolution
		Debug|Any CPU = Debug|Any CPU
		Dev|Any CPU = Dev|Any CPU
		Prod|Any CPU = Prod|Any CPU
		Release|Any CPU = Release|Any CPU
	EndGlobalSection
	GlobalSection(ProjectConfigurationPlatforms) = postSolution
		{2D976E8C-924C-4E73-A8FC-A8395B457C0E}.Debug|Any CPU.ActiveCfg = Debug|Any CPU
		{2D976E8C-924C-4E73-A8FC-A8395B457C0E}.Debug|Any CPU.Build.0 = Debug|Any CPU
		{2D976E8C-924C-4E73-A8FC-A8395B457C0E}.Dev|Any CPU.ActiveCfg = Dev|Any CPU
		{2D976E8C-924C-4E73-A8FC-A8395B457C0E}.Dev|Any CPU.Build.0 = Dev|Any CPU
		{2D976E8C-924C-4E73-A8FC-A8395B457C0E}.Prod|Any CPU.ActiveCfg = Prod|Any CPU
		{2D976E8C-924C-4E73-A8FC-A8395B457C0E}.Prod|Any CPU.Build.0 = Prod|Any CPU
		{2D976E8C-924C-4E73-A8FC-A8395B457C0E}.Release|Any CPU.ActiveCfg = Release|Any CPU
		{2D976E8C-924C-4E73-A8FC-A8395B457C0E}.Release|Any CPU.Build.0 = Release|Any CPU
		{905E5F0D-1620-483C-87C5-4DEDAAA1DC9A}.Debug|Any CPU.ActiveCfg = Debug|Any CPU
		{905E5F0D-1620-483C-87C5-4DEDAAA1DC9A}.Debug|Any CPU.Build.0 = Debug|Any CPU
		{905E5F0D-1620-483C-87C5-4DEDAAA1DC9A}.Dev|Any CPU.ActiveCfg = Dev|Any CPU
		{905E5F0D-1620-483C-87C5-4DEDAAA1DC9A}.Dev|Any CPU.Build.0 = Dev|Any CPU
		{905E5F0D-1620-483C-87C5-4DEDAAA1DC9A}.Prod|Any CPU.ActiveCfg = Prod|Any CPU
		{905E5F0D-1620-483C-87C5-4DEDAAA1DC9A}.Prod|Any CPU.Build.0 = Prod|Any CPU
		{905E5F0D-1620-483C-87C5-4DEDAAA1DC9A}.Release|Any CPU.ActiveCfg = Release|Any CPU
		{905E5F0D-1620-483C-87C5-4DEDAAA1DC9A}.Release|Any CPU.Build.0 = Release|Any CPU
		{E8A1A202-F0D8-495D-98E7-1F05F6057841}.Debug|Any CPU.ActiveCfg = Debug|Any CPU
		{E8A1A202-F0D8-495D-98E7-1F05F6057841}.Debug|Any CPU.Build.0 = Debug|Any CPU
		{E8A1A202-F0D8-495D-98E7-1F05F6057841}.Dev|Any CPU.ActiveCfg = Dev|Any CPU
		{E8A1A202-F0D8-495D-98E7-1F05F6057841}.Dev|Any CPU.Build.0 = Dev|Any CPU
		{E8A1A202-F0D8-495D-98E7-1F05F6057841}.Prod|Any CPU.ActiveCfg = Prod|Any CPU
		{E8A1A202-F0D8-495D-98E7-1F05F6057841}.Prod|Any CPU.Build.0 = Prod|Any CPU
		{E8A1A202-F0D8-495D-98E7-1F05F6057841}.Release|Any CPU.ActiveCfg = Release|Any CPU
		{E8A1A202-F0D8-495D-98E7-1F05F6057841}.Release|Any CPU.Build.0 = Release|Any CPU
		{9DD1FA43-9B92-4694-98A5-D75B672CFD67}.Debug|Any CPU.ActiveCfg = Debug|Any CPU
		{9DD1FA43-9B92-4694-98A5-D75B672CFD67}.Debug|Any CPU.Build.0 = Debug|Any CPU
		{9DD1FA43-9B92-4694-98A5-D75B672CFD67}.Dev|Any CPU.ActiveCfg = Dev|Any CPU
		{9DD1FA43-9B92-4694-98A5-D75B672CFD67}.Dev|Any CPU.Build.0 = Dev|Any CPU
		{9DD1FA43-9B92-4694-98A5-D75B672CFD67}.Prod|Any CPU.ActiveCfg = Prod|Any CPU
		{9DD1FA43-9B92-4694-98A5-D75B672CFD67}.Prod|Any CPU.Build.0 = Prod|Any CPU
		{9DD1FA43-9B92-4694-98A5-D75B672CFD67}.Release|Any CPU.ActiveCfg = Release|Any CPU
		{9DD1FA43-9B92-4694-98A5-D75B672CFD67}.Release|Any CPU.Build.0 = Release|Any CPU
		{31BCB498-C9DC-44DE-A044-AFB2FB535DE4}.Debug|Any CPU.ActiveCfg = Debug|Any CPU
		{31BCB498-C9DC-44DE-A044-AFB2FB535DE4}.Debug|Any CPU.Build.0 = Debug|Any CPU
		{31BCB498-C9DC-44DE-A044-AFB2FB535DE4}.Dev|Any CPU.ActiveCfg = Dev|Any CPU
		{31BCB498-C9DC-44DE-A044-AFB2FB535DE4}.Dev|Any CPU.Build.0 = Dev|Any CPU
		{31BCB498-C9DC-44DE-A044-AFB2FB535DE4}.Prod|Any CPU.ActiveCfg = Prod|Any CPU
		{31BCB498-C9DC-44DE-A044-AFB2FB535DE4}.Prod|Any CPU.Build.0 = Prod|Any CPU
		{31BCB498-C9DC-44DE-A044-AFB2FB535DE4}.Release|Any CPU.ActiveCfg = Release|Any CPU
		{31BCB498-C9DC-44DE-A044-AFB2FB535DE4}.Release|Any CPU.Build.0 = Release|Any CPU
		{3F8721E6-7768-4BE7-864B-AA6C68F0D9E1}.Debug|Any CPU.ActiveCfg = Debug|Any CPU
		{3F8721E6-7768-4BE7-864B-AA6C68F0D9E1}.Debug|Any CPU.Build.0 = Debug|Any CPU
		{3F8721E6-7768-4BE7-864B-AA6C68F0D9E1}.Dev|Any CPU.ActiveCfg = Dev|Any CPU
		{3F8721E6-7768-4BE7-864B-AA6C68F0D9E1}.Dev|Any CPU.Build.0 = Dev|Any CPU
		{3F8721E6-7768-4BE7-864B-AA6C68F0D9E1}.Prod|Any CPU.ActiveCfg = Prod|Any CPU
		{3F8721E6-7768-4BE7-864B-AA6C68F0D9E1}.Prod|Any CPU.Build.0 = Prod|Any CPU
		{3F8721E6-7768-4BE7-864B-AA6C68F0D9E1}.Release|Any CPU.ActiveCfg = Release|Any CPU
		{3F8721E6-7768-4BE7-864B-AA6C68F0D9E1}.Release|Any CPU.Build.0 = Release|Any CPU
		{2D71AB90-1869-4B55-A0DA-7B445804F6BA}.Debug|Any CPU.ActiveCfg = Debug|Any CPU
		{2D71AB90-1869-4B55-A0DA-7B445804F6BA}.Debug|Any CPU.Build.0 = Debug|Any CPU
		{2D71AB90-1869-4B55-A0DA-7B445804F6BA}.Dev|Any CPU.ActiveCfg = Dev|Any CPU
		{2D71AB90-1869-4B55-A0DA-7B445804F6BA}.Dev|Any CPU.Build.0 = Dev|Any CPU
		{2D71AB90-1869-4B55-A0DA-7B445804F6BA}.Prod|Any CPU.ActiveCfg = Prod|Any CPU
		{2D71AB90-1869-4B55-A0DA-7B445804F6BA}.Prod|Any CPU.Build.0 = Prod|Any CPU
		{2D71AB90-1869-4B55-A0DA-7B445804F6BA}.Release|Any CPU.ActiveCfg = Release|Any CPU
		{2D71AB90-1869-4B55-A0DA-7B445804F6BA}.Release|Any CPU.Build.0 = Release|Any CPU
		{9E9CAA52-0E5E-4E73-AA21-BD2F89D4DF8C}.Debug|Any CPU.ActiveCfg = Debug|Any CPU
		{9E9CAA52-0E5E-4E73-AA21-BD2F89D4DF8C}.Debug|Any CPU.Build.0 = Debug|Any CPU
		{9E9CAA52-0E5E-4E73-AA21-BD2F89D4DF8C}.Dev|Any CPU.ActiveCfg = Debug|Any CPU
		{9E9CAA52-0E5E-4E73-AA21-BD2F89D4DF8C}.Dev|Any CPU.Build.0 = Debug|Any CPU
		{9E9CAA52-0E5E-4E73-AA21-BD2F89D4DF8C}.Prod|Any CPU.ActiveCfg = Release|Any CPU
		{9E9CAA52-0E5E-4E73-AA21-BD2F89D4DF8C}.Prod|Any CPU.Build.0 = Release|Any CPU
		{9E9CAA52-0E5E-4E73-AA21-BD2F89D4DF8C}.Release|Any CPU.ActiveCfg = Release|Any CPU
		{9E9CAA52-0E5E-4E73-AA21-BD2F89D4DF8C}.Release|Any CPU.Build.0 = Release|Any CPU
		{E6E98F90-9138-4912-9631-6C853E2BA1A3}.Debug|Any CPU.ActiveCfg = Debug|Any CPU
		{E6E98F90-9138-4912-9631-6C853E2BA1A3}.Debug|Any CPU.Build.0 = Debug|Any CPU
		{E6E98F90-9138-4912-9631-6C853E2BA1A3}.Debug|Any CPU.Deploy.0 = Debug|Any CPU
		{E6E98F90-9138-4912-9631-6C853E2BA1A3}.Dev|Any CPU.ActiveCfg = Debug|Any CPU
		{E6E98F90-9138-4912-9631-6C853E2BA1A3}.Dev|Any CPU.Build.0 = Debug|Any CPU
		{E6E98F90-9138-4912-9631-6C853E2BA1A3}.Dev|Any CPU.Deploy.0 = Debug|Any CPU
		{E6E98F90-9138-4912-9631-6C853E2BA1A3}.Prod|Any CPU.ActiveCfg = Debug|Any CPU
		{E6E98F90-9138-4912-9631-6C853E2BA1A3}.Prod|Any CPU.Build.0 = Debug|Any CPU
		{E6E98F90-9138-4912-9631-6C853E2BA1A3}.Prod|Any CPU.Deploy.0 = Debug|Any CPU
		{E6E98F90-9138-4912-9631-6C853E2BA1A3}.Release|Any CPU.ActiveCfg = Release|Any CPU
		{E6E98F90-9138-4912-9631-6C853E2BA1A3}.Release|Any CPU.Build.0 = Release|Any CPU
		{E6E98F90-9138-4912-9631-6C853E2BA1A3}.Release|Any CPU.Deploy.0 = Release|Any CPU
		{B736C70A-5EA9-41C1-82D4-21D5BC88C4EF}.Debug|Any CPU.ActiveCfg = Debug|Any CPU
		{B736C70A-5EA9-41C1-82D4-21D5BC88C4EF}.Debug|Any CPU.Build.0 = Debug|Any CPU
		{B736C70A-5EA9-41C1-82D4-21D5BC88C4EF}.Debug|Any CPU.Deploy.0 = Debug|Any CPU
		{B736C70A-5EA9-41C1-82D4-21D5BC88C4EF}.Dev|Any CPU.ActiveCfg = Debug|Any CPU
		{B736C70A-5EA9-41C1-82D4-21D5BC88C4EF}.Dev|Any CPU.Build.0 = Debug|Any CPU
		{B736C70A-5EA9-41C1-82D4-21D5BC88C4EF}.Dev|Any CPU.Deploy.0 = Debug|Any CPU
		{B736C70A-5EA9-41C1-82D4-21D5BC88C4EF}.Prod|Any CPU.ActiveCfg = Debug|Any CPU
		{B736C70A-5EA9-41C1-82D4-21D5BC88C4EF}.Prod|Any CPU.Build.0 = Debug|Any CPU
		{B736C70A-5EA9-41C1-82D4-21D5BC88C4EF}.Prod|Any CPU.Deploy.0 = Debug|Any CPU
		{B736C70A-5EA9-41C1-82D4-21D5BC88C4EF}.Release|Any CPU.ActiveCfg = Release|Any CPU
		{B736C70A-5EA9-41C1-82D4-21D5BC88C4EF}.Release|Any CPU.Build.0 = Release|Any CPU
		{B736C70A-5EA9-41C1-82D4-21D5BC88C4EF}.Release|Any CPU.Deploy.0 = Release|Any CPU
	EndGlobalSection
	GlobalSection(SolutionProperties) = preSolution
		HideSolutionNode = FALSE
	EndGlobalSection
	GlobalSection(ExtensibilityGlobals) = postSolution
		SolutionGuid = {5AA36BE8-3D4E-49F3-B6EB-8B676D80DE27}
	EndGlobalSection
EndGlobal
