
Microsoft Visual Studio Solution File, Format Version 12.00
# Visual Studio 14
VisualStudioVersion = 14.0.25420.1
MinimumVisualStudioVersion = 10.0.40219.1
Project("{FAE04EC0-301F-11D3-BF4B-00C04F79EFBC}") = "Msr.Web", "Msr.Web\Msr.Web.csproj", "{2D71AB90-1869-4B55-A0DA-7B445804F6BA}"
EndProject
Project("{FAE04EC0-301F-11D3-BF4B-00C04F79EFBC}") = "Msr.Models", "Msr.Models\Msr.Models.csproj", "{2D976E8C-924C-4E73-A8FC-A8395B457C0E}"
EndProject
Project("{FAE04EC0-301F-11D3-BF4B-00C04F79EFBC}") = "Msr.Services", "Msr.Services\Msr.Services.csproj", "{905E5F0D-1620-483C-87C5-4DEDAAA1DC9A}"
EndProject
Project("{FAE04EC0-301F-11D3-BF4B-00C04F79EFBC}") = "Msr.Repositories", "Msr.Repositories\Msr.Repositories.csproj", "{E8A1A202-F0D8-495D-98E7-1F05F6057841}"
EndProject
Project("{00D1A9C2-B5F0-4AF3-8072-F6C62B433612}") = "Msr.Database", "Msr.Database\Msr.Database.sqlproj", "{E6E98F90-9138-4912-9631-6C853E2BA1A3}"
EndProject
Project("{FAE04EC0-301F-11D3-BF4B-00C04F79EFBC}") = "Msr.Infrastructure", "Msr.Infrastructure\Msr.Infrastructure.csproj", "{9DD1FA43-9B92-4694-98A5-D75B672CFD67}"
EndProject
Project("{FAE04EC0-301F-11D3-BF4B-00C04F79EFBC}") = "Msr.Documents.Api", "Msr.Documents.Api\Msr.Documents.Api.csproj", "{E4414CF4-39AD-4D1B-AC0C-367238C74182}"
EndProject
Project("{FAE04EC0-301F-11D3-BF4B-00C04F79EFBC}") = "Msr.Infrastructure.Tests", "Msr.Infrastructure.Tests\Msr.Infrastructure.Tests.csproj", "{31BCB498-C9DC-44DE-A044-AFB2FB535DE4}"
EndProject
Project("{FAE04EC0-301F-11D3-BF4B-00C04F79EFBC}") = "Msr.Resources", "Msr.Resources\Msr.Resources.csproj", "{3F8721E6-7768-4BE7-864B-AA6C68F0D9E1}"
EndProject
Project("{2150E333-8FDC-42A3-9474-1A3956D46DE8}") = ".nuget", ".nuget", "{AEEA8D16-368B-4330-819F-92554D9AFB04}"
	ProjectSection(SolutionItems) = preProject
		.nuget\NuGet.Config = .nuget\NuGet.Config
		.nuget\NuGet.exe = .nuget\NuGet.exe
		.nuget\NuGet.targets = .nuget\NuGet.targets
	EndProjectSection
EndProject
Global
	GlobalSection(SolutionConfigurationPlatforms) = preSolution
		Debug|Any CPU = Debug|Any CPU
		Release|Any CPU = Release|Any CPU
	EndGlobalSection
	GlobalSection(ProjectConfigurationPlatforms) = postSolution
		{2D71AB90-1869-4B55-A0DA-7B445804F6BA}.Debug|Any CPU.ActiveCfg = Debug|Any CPU
		{2D71AB90-1869-4B55-A0DA-7B445804F6BA}.Debug|Any CPU.Build.0 = Debug|Any CPU
		{2D71AB90-1869-4B55-A0DA-7B445804F6BA}.Release|Any CPU.ActiveCfg = Release|Any CPU
		{2D71AB90-1869-4B55-A0DA-7B445804F6BA}.Release|Any CPU.Build.0 = Release|Any CPU
		{2D976E8C-924C-4E73-A8FC-A8395B457C0E}.Debug|Any CPU.ActiveCfg = Debug|Any CPU
		{2D976E8C-924C-4E73-A8FC-A8395B457C0E}.Debug|Any CPU.Build.0 = Debug|Any CPU
		{2D976E8C-924C-4E73-A8FC-A8395B457C0E}.Release|Any CPU.ActiveCfg = Release|Any CPU
		{2D976E8C-924C-4E73-A8FC-A8395B457C0E}.Release|Any CPU.Build.0 = Release|Any CPU
		{905E5F0D-1620-483C-87C5-4DEDAAA1DC9A}.Debug|Any CPU.ActiveCfg = Debug|Any CPU
		{905E5F0D-1620-483C-87C5-4DEDAAA1DC9A}.Debug|Any CPU.Build.0 = Debug|Any CPU
		{905E5F0D-1620-483C-87C5-4DEDAAA1DC9A}.Release|Any CPU.ActiveCfg = Release|Any CPU
		{905E5F0D-1620-483C-87C5-4DEDAAA1DC9A}.Release|Any CPU.Build.0 = Release|Any CPU
		{E8A1A202-F0D8-495D-98E7-1F05F6057841}.Debug|Any CPU.ActiveCfg = Debug|Any CPU
		{E8A1A202-F0D8-495D-98E7-1F05F6057841}.Debug|Any CPU.Build.0 = Debug|Any CPU
		{E8A1A202-F0D8-495D-98E7-1F05F6057841}.Release|Any CPU.ActiveCfg = Release|Any CPU
		{E8A1A202-F0D8-495D-98E7-1F05F6057841}.Release|Any CPU.Build.0 = Release|Any CPU
		{E6E98F90-9138-4912-9631-6C853E2BA1A3}.Debug|Any CPU.ActiveCfg = Debug|Any CPU
		{E6E98F90-9138-4912-9631-6C853E2BA1A3}.Release|Any CPU.ActiveCfg = Release|Any CPU
		{E6E98F90-9138-4912-9631-6C853E2BA1A3}.Release|Any CPU.Build.0 = Release|Any CPU
		{E6E98F90-9138-4912-9631-6C853E2BA1A3}.Release|Any CPU.Deploy.0 = Release|Any CPU
		{9DD1FA43-9B92-4694-98A5-D75B672CFD67}.Debug|Any CPU.ActiveCfg = Debug|Any CPU
		{9DD1FA43-9B92-4694-98A5-D75B672CFD67}.Debug|Any CPU.Build.0 = Debug|Any CPU
		{9DD1FA43-9B92-4694-98A5-D75B672CFD67}.Release|Any CPU.ActiveCfg = Release|Any CPU
		{9DD1FA43-9B92-4694-98A5-D75B672CFD67}.Release|Any CPU.Build.0 = Release|Any CPU
		{E4414CF4-39AD-4D1B-AC0C-367238C74182}.Debug|Any CPU.ActiveCfg = Debug|Any CPU
		{E4414CF4-39AD-4D1B-AC0C-367238C74182}.Debug|Any CPU.Build.0 = Debug|Any CPU
		{E4414CF4-39AD-4D1B-AC0C-367238C74182}.Release|Any CPU.ActiveCfg = Release|Any CPU
		{E4414CF4-39AD-4D1B-AC0C-367238C74182}.Release|Any CPU.Build.0 = Release|Any CPU
		{31BCB498-C9DC-44DE-A044-AFB2FB535DE4}.Debug|Any CPU.ActiveCfg = Debug|Any CPU
		{31BCB498-C9DC-44DE-A044-AFB2FB535DE4}.Debug|Any CPU.Build.0 = Debug|Any CPU
		{31BCB498-C9DC-44DE-A044-AFB2FB535DE4}.Release|Any CPU.ActiveCfg = Release|Any CPU
		{31BCB498-C9DC-44DE-A044-AFB2FB535DE4}.Release|Any CPU.Build.0 = Release|Any CPU
		{3F8721E6-7768-4BE7-864B-AA6C68F0D9E1}.Debug|Any CPU.ActiveCfg = Debug|Any CPU
		{3F8721E6-7768-4BE7-864B-AA6C68F0D9E1}.Debug|Any CPU.Build.0 = Debug|Any CPU
		{3F8721E6-7768-4BE7-864B-AA6C68F0D9E1}.Release|Any CPU.ActiveCfg = Release|Any CPU
		{3F8721E6-7768-4BE7-864B-AA6C68F0D9E1}.Release|Any CPU.Build.0 = Release|Any CPU
	EndGlobalSection
	GlobalSection(SolutionProperties) = preSolution
		HideSolutionNode = FALSE
	EndGlobalSection
EndGlobal
