
Microsoft Visual Studio Solution File, Format Version 12.00
# Visual Studio Version 16
VisualStudioVersion = 16.0.29728.190
MinimumVisualStudioVersion = 10.0.40219.1
Project("{9A19103F-16F7-4668-BE54-9A1E7A4F7556}") = "MSR.Answer.API", "MSR.Answer.API\MSR.Answer.API.csproj", "{92CF4545-EBFE-416B-B25E-364FD35E4CDC}"
EndProject
Project("{9A19103F-16F7-4668-BE54-9A1E7A4F7556}") = "MSR.Domain", "MSR.Domain\MSR.Domain.csproj", "{BF34D0FD-A252-4EDB-8E99-744B97B61151}"
EndProject
Project("{9A19103F-16F7-4668-BE54-9A1E7A4F7556}") = "MSR.Application", "MSR.Application\MSR.Application.csproj", "{C93C40EE-A4B6-4218-AE9B-7EE3D9757E34}"
EndProject
Project("{9A19103F-16F7-4668-BE54-9A1E7A4F7556}") = "MSR.Infrastructure", "MSR.Infrastructure\MSR.Infrastructure.csproj", "{999D6BF0-64C4-40E1-8784-B8BADD281DCC}"
EndProject
Project("{2150E333-8FDC-42A3-9474-1A3956D46DE8}") = "Solution Items", "Solution Items", "{FBB737F4-D6BE-4A4B-BAA7-D07A5ACA6D9F}"
EndProject
Project("{2150E333-8FDC-42A3-9474-1A3956D46DE8}") = "Tests", "Tests", "{56962048-023D-4836-A5A0-BC378A2F584E}"
EndProject
Project("{2150E333-8FDC-42A3-9474-1A3956D46DE8}") = "src", "src", "{ADD0668A-B229-4E9D-A874-D32B8E9B86D2}"
EndProject
Project("{9A19103F-16F7-4668-BE54-9A1E7A4F7556}") = "MSR.Application.Tests", "MSR.Application.Tests\MSR.Application.Tests.csproj", "{8CAF3128-17DF-4464-910F-BB172DC89DF4}"
EndProject
Project("{9A19103F-16F7-4668-BE54-9A1E7A4F7556}") = "MSR.Domain.Tests", "Msr.Domain.Tests\MSR.Domain.Tests.csproj", "{9F9AFA87-FFE3-4400-B9B9-5264EE822219}"
EndProject
Project("{9A19103F-16F7-4668-BE54-9A1E7A4F7556}") = "MSR.Infrastructure.Tests", "MSR.Infrastructure.Tests\MSR.Infrastructure.Tests.csproj", "{4637592A-48EE-4AA4-ACA4-4C9B249FAC40}"
EndProject
Project("{E24C65DC-7377-472B-9ABA-BC803B73C61A}") = "MSR.UI", "MSR.UI\", "{99805500-2404-4939-85A4-42ACD40FE7AA}"
	ProjectSection(WebsiteProperties) = preProject
		TargetFrameworkMoniker = ".NETFramework,Version%3Dv4.0"
		Debug.AspNetCompiler.VirtualPath = "/localhost_53533"
		Debug.AspNetCompiler.PhysicalPath = "MSR.UI\"
		Debug.AspNetCompiler.TargetPath = "PrecompiledWeb\localhost_53533\"
		Debug.AspNetCompiler.Updateable = "true"
		Debug.AspNetCompiler.ForceOverwrite = "true"
		Debug.AspNetCompiler.FixedNames = "false"
		Debug.AspNetCompiler.Debug = "True"
		Release.AspNetCompiler.VirtualPath = "/localhost_53533"
		Release.AspNetCompiler.PhysicalPath = "MSR.UI\"
		Release.AspNetCompiler.TargetPath = "PrecompiledWeb\localhost_53533\"
		Release.AspNetCompiler.Updateable = "true"
		Release.AspNetCompiler.ForceOverwrite = "true"
		Release.AspNetCompiler.FixedNames = "false"
		Release.AspNetCompiler.Debug = "False"
		VWDPort = "53533"
		SlnRelativePath = "MSR.UI\"
	EndProjectSection
EndProject
Project("{FAE04EC0-301F-11D3-BF4B-00C04F79EFBC}") = "MSR.EFContext", "MSR.EFContext\MSR.EFContext.csproj", "{089FDF88-C94D-4841-BCAC-3FD8EDAC5508}"
EndProject
Project("{FAE04EC0-301F-11D3-BF4B-00C04F79EFBC}") = "MSR.App", "MSR.App\MSR.App.csproj", "{4A82520A-B2F5-4C04-88E7-8A132747D3C3}"
EndProject
Global
	GlobalSection(SolutionConfigurationPlatforms) = preSolution
		Debug|Any CPU = Debug|Any CPU
		Release|Any CPU = Release|Any CPU
	EndGlobalSection
	GlobalSection(ProjectConfigurationPlatforms) = postSolution
		{92CF4545-EBFE-416B-B25E-364FD35E4CDC}.Debug|Any CPU.ActiveCfg = Debug|Any CPU
		{92CF4545-EBFE-416B-B25E-364FD35E4CDC}.Debug|Any CPU.Build.0 = Debug|Any CPU
		{92CF4545-EBFE-416B-B25E-364FD35E4CDC}.Release|Any CPU.ActiveCfg = Release|Any CPU
		{92CF4545-EBFE-416B-B25E-364FD35E4CDC}.Release|Any CPU.Build.0 = Release|Any CPU
		{BF34D0FD-A252-4EDB-8E99-744B97B61151}.Debug|Any CPU.ActiveCfg = Debug|Any CPU
		{BF34D0FD-A252-4EDB-8E99-744B97B61151}.Debug|Any CPU.Build.0 = Debug|Any CPU
		{BF34D0FD-A252-4EDB-8E99-744B97B61151}.Release|Any CPU.ActiveCfg = Release|Any CPU
		{BF34D0FD-A252-4EDB-8E99-744B97B61151}.Release|Any CPU.Build.0 = Release|Any CPU
		{C93C40EE-A4B6-4218-AE9B-7EE3D9757E34}.Debug|Any CPU.ActiveCfg = Debug|Any CPU
		{C93C40EE-A4B6-4218-AE9B-7EE3D9757E34}.Debug|Any CPU.Build.0 = Debug|Any CPU
		{C93C40EE-A4B6-4218-AE9B-7EE3D9757E34}.Release|Any CPU.ActiveCfg = Release|Any CPU
		{C93C40EE-A4B6-4218-AE9B-7EE3D9757E34}.Release|Any CPU.Build.0 = Release|Any CPU
		{999D6BF0-64C4-40E1-8784-B8BADD281DCC}.Debug|Any CPU.ActiveCfg = Debug|Any CPU
		{999D6BF0-64C4-40E1-8784-B8BADD281DCC}.Debug|Any CPU.Build.0 = Debug|Any CPU
		{999D6BF0-64C4-40E1-8784-B8BADD281DCC}.Release|Any CPU.ActiveCfg = Release|Any CPU
		{999D6BF0-64C4-40E1-8784-B8BADD281DCC}.Release|Any CPU.Build.0 = Release|Any CPU
		{8CAF3128-17DF-4464-910F-BB172DC89DF4}.Debug|Any CPU.ActiveCfg = Debug|Any CPU
		{8CAF3128-17DF-4464-910F-BB172DC89DF4}.Debug|Any CPU.Build.0 = Debug|Any CPU
		{8CAF3128-17DF-4464-910F-BB172DC89DF4}.Release|Any CPU.ActiveCfg = Release|Any CPU
		{8CAF3128-17DF-4464-910F-BB172DC89DF4}.Release|Any CPU.Build.0 = Release|Any CPU
		{9F9AFA87-FFE3-4400-B9B9-5264EE822219}.Debug|Any CPU.ActiveCfg = Debug|Any CPU
		{9F9AFA87-FFE3-4400-B9B9-5264EE822219}.Debug|Any CPU.Build.0 = Debug|Any CPU
		{9F9AFA87-FFE3-4400-B9B9-5264EE822219}.Release|Any CPU.ActiveCfg = Release|Any CPU
		{9F9AFA87-FFE3-4400-B9B9-5264EE822219}.Release|Any CPU.Build.0 = Release|Any CPU
		{4637592A-48EE-4AA4-ACA4-4C9B249FAC40}.Debug|Any CPU.ActiveCfg = Debug|Any CPU
		{4637592A-48EE-4AA4-ACA4-4C9B249FAC40}.Debug|Any CPU.Build.0 = Debug|Any CPU
		{4637592A-48EE-4AA4-ACA4-4C9B249FAC40}.Release|Any CPU.ActiveCfg = Release|Any CPU
		{4637592A-48EE-4AA4-ACA4-4C9B249FAC40}.Release|Any CPU.Build.0 = Release|Any CPU
		{99805500-2404-4939-85A4-42ACD40FE7AA}.Debug|Any CPU.ActiveCfg = Debug|Any CPU
		{99805500-2404-4939-85A4-42ACD40FE7AA}.Debug|Any CPU.Build.0 = Debug|Any CPU
		{99805500-2404-4939-85A4-42ACD40FE7AA}.Release|Any CPU.ActiveCfg = Debug|Any CPU
		{99805500-2404-4939-85A4-42ACD40FE7AA}.Release|Any CPU.Build.0 = Debug|Any CPU
		{089FDF88-C94D-4841-BCAC-3FD8EDAC5508}.Debug|Any CPU.ActiveCfg = Debug|Any CPU
		{089FDF88-C94D-4841-BCAC-3FD8EDAC5508}.Debug|Any CPU.Build.0 = Debug|Any CPU
		{089FDF88-C94D-4841-BCAC-3FD8EDAC5508}.Release|Any CPU.ActiveCfg = Release|Any CPU
		{089FDF88-C94D-4841-BCAC-3FD8EDAC5508}.Release|Any CPU.Build.0 = Release|Any CPU
		{4A82520A-B2F5-4C04-88E7-8A132747D3C3}.Debug|Any CPU.ActiveCfg = Debug|Any CPU
		{4A82520A-B2F5-4C04-88E7-8A132747D3C3}.Debug|Any CPU.Build.0 = Debug|Any CPU
		{4A82520A-B2F5-4C04-88E7-8A132747D3C3}.Release|Any CPU.ActiveCfg = Release|Any CPU
		{4A82520A-B2F5-4C04-88E7-8A132747D3C3}.Release|Any CPU.Build.0 = Release|Any CPU
	EndGlobalSection
	GlobalSection(SolutionProperties) = preSolution
		HideSolutionNode = FALSE
	EndGlobalSection
	GlobalSection(NestedProjects) = preSolution
		{92CF4545-EBFE-416B-B25E-364FD35E4CDC} = {ADD0668A-B229-4E9D-A874-D32B8E9B86D2}
		{BF34D0FD-A252-4EDB-8E99-744B97B61151} = {ADD0668A-B229-4E9D-A874-D32B8E9B86D2}
		{C93C40EE-A4B6-4218-AE9B-7EE3D9757E34} = {ADD0668A-B229-4E9D-A874-D32B8E9B86D2}
		{999D6BF0-64C4-40E1-8784-B8BADD281DCC} = {ADD0668A-B229-4E9D-A874-D32B8E9B86D2}
		{8CAF3128-17DF-4464-910F-BB172DC89DF4} = {56962048-023D-4836-A5A0-BC378A2F584E}
		{9F9AFA87-FFE3-4400-B9B9-5264EE822219} = {56962048-023D-4836-A5A0-BC378A2F584E}
		{4637592A-48EE-4AA4-ACA4-4C9B249FAC40} = {56962048-023D-4836-A5A0-BC378A2F584E}
		{089FDF88-C94D-4841-BCAC-3FD8EDAC5508} = {ADD0668A-B229-4E9D-A874-D32B8E9B86D2}
		{4A82520A-B2F5-4C04-88E7-8A132747D3C3} = {ADD0668A-B229-4E9D-A874-D32B8E9B86D2}
	EndGlobalSection
	GlobalSection(ExtensibilityGlobals) = postSolution
		SolutionGuid = {CBCD06A9-C49D-49C9-A0C1-821E3D256A46}
	EndGlobalSection
EndGlobal
